
Microsoft Visual Studio Solution File, Format Version 12.00
# Visual Studio Version 17
VisualStudioVersion = 17.14.36414.22 d17.14
MinimumVisualStudioVersion = 10.0.40219.1
Project("{2150E333-8FDC-42A3-9474-1A3956D46DE8}") = "Task3", "Task3", "{36D591C7-65C7-A0D1-1CBC-10CDE441BDC8}"
EndProject
Project("{FAE04EC0-301F-11D3-BF4B-00C04F79EFBC}") = "Tyuiu.skirnevskyBR.Sprint3.Task3.V26", "Tyuiu.skirnevskyBR.Sprint3.Task3.V26\Tyuiu.skirnevskyBR.Sprint3.Task3.V26.csproj", "{C7F9A140-3A77-41FD-A819-4610AA71131F}"
EndProject
Project("{FAE04EC0-301F-11D3-BF4B-00C04F79EFBC}") = "Tyuiu.skirnevskyBR.Sprint3.Task3.V26.Lib", "Tyuiu.skirnevskyBR.Sprint3.Task3.V26.Lib\Tyuiu.skirnevskyBR.Sprint3.Task3.V26.Lib.csproj", "{E471BA19-F164-4B54-AAD2-D0A3B9A6AAA5}"
EndProject
Project("{FAE04EC0-301F-11D3-BF4B-00C04F79EFBC}") = "Tyuiu.skirnevskyBR.Sprint3.Task3.V26.Test", "Tyuiu.skirnevskyBR.Sprint3.Task3.V26.Test\Tyuiu.skirnevskyBR.Sprint3.Task3.V26.Test.csproj", "{F70DC5DA-B5A4-47E2-A6D4-E933656268D7}"
EndProject
Project("{2150E333-8FDC-42A3-9474-1A3956D46DE8}") = "Task4", "Task4", "{F5B28DE2-7339-422D-B6A1-E8BE67ACE9C7}"
EndProject
Project("{FAE04EC0-301F-11D3-BF4B-00C04F79EFBC}") = "Tyuiu.skirnevskyBR.Sprint3.Task4.V10", "Tyuiu.skirnevskyBR.Sprint3.Task4.V10\Tyuiu.skirnevskyBR.Sprint3.Task4.V10.csproj", "{4C2E2344-DA93-4DDF-88A0-C8772EBEE718}"
EndProject
Project("{FAE04EC0-301F-11D3-BF4B-00C04F79EFBC}") = "Tyuiu.skirnevskyBR.Sprint3.Task4.V10.Lib", "Tyuiu.skirnevskyBR.Sprint3.Task4.V10.Lib\Tyuiu.skirnevskyBR.Sprint3.Task4.V10.Lib.csproj", "{89345843-DD58-4759-8636-E8EF73786EA2}"
EndProject
Project("{FAE04EC0-301F-11D3-BF4B-00C04F79EFBC}") = "Tyuiu.skirnevskyBR.Sprint3.Task4.V10.Test", "Tyuiu.skirnevskyBR.Sprint3.Task4.V10.Test\Tyuiu.skirnevskyBR.Sprint3.Task4.V10.Test.csproj", "{ABAD8334-D5EB-4EBC-8407-2DD91F5E6BC0}"
EndProject
Project("{2150E333-8FDC-42A3-9474-1A3956D46DE8}") = "Task5", "Task5", "{E4F28056-5B24-4B24-A9D3-BEDF71691A90}"
EndProject
Project("{FAE04EC0-301F-11D3-BF4B-00C04F79EFBC}") = "Tyuiu.skirnevskyBR.Sprint3.Task5.V29", "Tyuiu.skirnevskyBR.Sprint3.Task5.V29\Tyuiu.skirnevskyBR.Sprint3.Task5.V29.csproj", "{BF54D4B5-BE6F-4C6D-A418-97A0FB7652C4}"
EndProject
Project("{FAE04EC0-301F-11D3-BF4B-00C04F79EFBC}") = "Tyuiu.skirnevskyBR.Sprint3.Task5.V29.Lib", "Tyuiu.skirnevskyBR.Sprint3.Task5.V29.Lib\Tyuiu.skirnevskyBR.Sprint3.Task5.V29.Lib.csproj", "{B7696574-DAAA-427F-B637-52A91DD8C844}"
EndProject
Project("{FAE04EC0-301F-11D3-BF4B-00C04F79EFBC}") = "Tyuiu.skirnevskyBR.Sprint3.Task5.V29.Test", "Tyuiu.skirnevskyBR.Sprint3.Task5.V29.Test\Tyuiu.skirnevskyBR.Sprint3.Task5.V29.Test.csproj", "{04641EBF-D233-440B-9207-98787B0904E7}"
EndProject
Project("{2150E333-8FDC-42A3-9474-1A3956D46DE8}") = "Task6", "Task6", "{81956B1D-A201-4548-B937-F0A483C94E43}"
EndProject
Project("{FAE04EC0-301F-11D3-BF4B-00C04F79EFBC}") = "Tyuiu.skirnevskyBR.Sprint3.Task6.V9", "Tyuiu.skirnevskyBR.Sprint3.Task6.V9\Tyuiu.skirnevskyBR.Sprint3.Task6.V9.csproj", "{A3CCEC51-3024-44A9-92FF-42A1E7904E79}"
EndProject
Project("{FAE04EC0-301F-11D3-BF4B-00C04F79EFBC}") = "Tyuiu.skirnevskyBR.Sprint3.Task6.V9.Lib", "Tyuiu.skirnevskyBR.Sprint3.Task6.V9.Lib\Tyuiu.skirnevskyBR.Sprint3.Task6.V9.Lib.csproj", "{3191BC15-72F8-47FF-A256-C547A7E36EEF}"
EndProject
Project("{FAE04EC0-301F-11D3-BF4B-00C04F79EFBC}") = "Tyuiu.skirnevskyBR.Sprint3.Task6.V9.Test", "Tyuiu.skirnevskyBR.Sprint3.Task6.V9.Test\Tyuiu.skirnevskyBR.Sprint3.Task6.V9.Test.csproj", "{D6B1E25E-98D2-4091-A36D-638528F94C9E}"
EndProject
Global
	GlobalSection(SolutionConfigurationPlatforms) = preSolution
		Debug|Any CPU = Debug|Any CPU
		Release|Any CPU = Release|Any CPU
	EndGlobalSection
	GlobalSection(ProjectConfigurationPlatforms) = postSolution
		{C7F9A140-3A77-41FD-A819-4610AA71131F}.Debug|Any CPU.ActiveCfg = Debug|Any CPU
		{C7F9A140-3A77-41FD-A819-4610AA71131F}.Debug|Any CPU.Build.0 = Debug|Any CPU
		{C7F9A140-3A77-41FD-A819-4610AA71131F}.Release|Any CPU.ActiveCfg = Release|Any CPU
		{C7F9A140-3A77-41FD-A819-4610AA71131F}.Release|Any CPU.Build.0 = Release|Any CPU
		{E471BA19-F164-4B54-AAD2-D0A3B9A6AAA5}.Debug|Any CPU.ActiveCfg = Debug|Any CPU
		{E471BA19-F164-4B54-AAD2-D0A3B9A6AAA5}.Debug|Any CPU.Build.0 = Debug|Any CPU
		{E471BA19-F164-4B54-AAD2-D0A3B9A6AAA5}.Release|Any CPU.ActiveCfg = Release|Any CPU
		{E471BA19-F164-4B54-AAD2-D0A3B9A6AAA5}.Release|Any CPU.Build.0 = Release|Any CPU
		{F70DC5DA-B5A4-47E2-A6D4-E933656268D7}.Debug|Any CPU.ActiveCfg = Debug|Any CPU
		{F70DC5DA-B5A4-47E2-A6D4-E933656268D7}.Debug|Any CPU.Build.0 = Debug|Any CPU
		{F70DC5DA-B5A4-47E2-A6D4-E933656268D7}.Release|Any CPU.ActiveCfg = Release|Any CPU
		{F70DC5DA-B5A4-47E2-A6D4-E933656268D7}.Release|Any CPU.Build.0 = Release|Any CPU
		{4C2E2344-DA93-4DDF-88A0-C8772EBEE718}.Debug|Any CPU.ActiveCfg = Debug|Any CPU
		{4C2E2344-DA93-4DDF-88A0-C8772EBEE718}.Debug|Any CPU.Build.0 = Debug|Any CPU
		{4C2E2344-DA93-4DDF-88A0-C8772EBEE718}.Release|Any CPU.ActiveCfg = Release|Any CPU
		{4C2E2344-DA93-4DDF-88A0-C8772EBEE718}.Release|Any CPU.Build.0 = Release|Any CPU
		{89345843-DD58-4759-8636-E8EF73786EA2}.Debug|Any CPU.ActiveCfg = Debug|Any CPU
		{89345843-DD58-4759-8636-E8EF73786EA2}.Debug|Any CPU.Build.0 = Debug|Any CPU
		{89345843-DD58-4759-8636-E8EF73786EA2}.Release|Any CPU.ActiveCfg = Release|Any CPU
		{89345843-DD58-4759-8636-E8EF73786EA2}.Release|Any CPU.Build.0 = Release|Any CPU
		{ABAD8334-D5EB-4EBC-8407-2DD91F5E6BC0}.Debug|Any CPU.ActiveCfg = Debug|Any CPU
		{ABAD8334-D5EB-4EBC-8407-2DD91F5E6BC0}.Debug|Any CPU.Build.0 = Debug|Any CPU
		{ABAD8334-D5EB-4EBC-8407-2DD91F5E6BC0}.Release|Any CPU.ActiveCfg = Release|Any CPU
		{ABAD8334-D5EB-4EBC-8407-2DD91F5E6BC0}.Release|Any CPU.Build.0 = Release|Any CPU
		{BF54D4B5-BE6F-4C6D-A418-97A0FB7652C4}.Debug|Any CPU.ActiveCfg = Debug|Any CPU
		{BF54D4B5-BE6F-4C6D-A418-97A0FB7652C4}.Debug|Any CPU.Build.0 = Debug|Any CPU
		{BF54D4B5-BE6F-4C6D-A418-97A0FB7652C4}.Release|Any CPU.ActiveCfg = Release|Any CPU
		{BF54D4B5-BE6F-4C6D-A418-97A0FB7652C4}.Release|Any CPU.Build.0 = Release|Any CPU
		{B7696574-DAAA-427F-B637-52A91DD8C844}.Debug|Any CPU.ActiveCfg = Debug|Any CPU
		{B7696574-DAAA-427F-B637-52A91DD8C844}.Debug|Any CPU.Build.0 = Debug|Any CPU
		{B7696574-DAAA-427F-B637-52A91DD8C844}.Release|Any CPU.ActiveCfg = Release|Any CPU
		{B7696574-DAAA-427F-B637-52A91DD8C844}.Release|Any CPU.Build.0 = Release|Any CPU
		{04641EBF-D233-440B-9207-98787B0904E7}.Debug|Any CPU.ActiveCfg = Debug|Any CPU
		{04641EBF-D233-440B-9207-98787B0904E7}.Debug|Any CPU.Build.0 = Debug|Any CPU
		{04641EBF-D233-440B-9207-98787B0904E7}.Release|Any CPU.ActiveCfg = Release|Any CPU
		{04641EBF-D233-440B-9207-98787B0904E7}.Release|Any CPU.Build.0 = Release|Any CPU
		{A3CCEC51-3024-44A9-92FF-42A1E7904E79}.Debug|Any CPU.ActiveCfg = Debug|Any CPU
		{A3CCEC51-3024-44A9-92FF-42A1E7904E79}.Debug|Any CPU.Build.0 = Debug|Any CPU
		{A3CCEC51-3024-44A9-92FF-42A1E7904E79}.Release|Any CPU.ActiveCfg = Release|Any CPU
		{A3CCEC51-3024-44A9-92FF-42A1E7904E79}.Release|Any CPU.Build.0 = Release|Any CPU
		{3191BC15-72F8-47FF-A256-C547A7E36EEF}.Debug|Any CPU.ActiveCfg = Debug|Any CPU
		{3191BC15-72F8-47FF-A256-C547A7E36EEF}.Debug|Any CPU.Build.0 = Debug|Any CPU
		{3191BC15-72F8-47FF-A256-C547A7E36EEF}.Release|Any CPU.ActiveCfg = Release|Any CPU
		{3191BC15-72F8-47FF-A256-C547A7E36EEF}.Release|Any CPU.Build.0 = Release|Any CPU
		{D6B1E25E-98D2-4091-A36D-638528F94C9E}.Debug|Any CPU.ActiveCfg = Debug|Any CPU
		{D6B1E25E-98D2-4091-A36D-638528F94C9E}.Debug|Any CPU.Build.0 = Debug|Any CPU
		{D6B1E25E-98D2-4091-A36D-638528F94C9E}.Release|Any CPU.ActiveCfg = Release|Any CPU
		{D6B1E25E-98D2-4091-A36D-638528F94C9E}.Release|Any CPU.Build.0 = Release|Any CPU
	EndGlobalSection
	GlobalSection(SolutionProperties) = preSolution
		HideSolutionNode = FALSE
	EndGlobalSection
	GlobalSection(NestedProjects) = preSolution
		{C7F9A140-3A77-41FD-A819-4610AA71131F} = {36D591C7-65C7-A0D1-1CBC-10CDE441BDC8}
		{E471BA19-F164-4B54-AAD2-D0A3B9A6AAA5} = {36D591C7-65C7-A0D1-1CBC-10CDE441BDC8}
		{F70DC5DA-B5A4-47E2-A6D4-E933656268D7} = {36D591C7-65C7-A0D1-1CBC-10CDE441BDC8}
		{4C2E2344-DA93-4DDF-88A0-C8772EBEE718} = {F5B28DE2-7339-422D-B6A1-E8BE67ACE9C7}
		{89345843-DD58-4759-8636-E8EF73786EA2} = {F5B28DE2-7339-422D-B6A1-E8BE67ACE9C7}
		{ABAD8334-D5EB-4EBC-8407-2DD91F5E6BC0} = {F5B28DE2-7339-422D-B6A1-E8BE67ACE9C7}
		{BF54D4B5-BE6F-4C6D-A418-97A0FB7652C4} = {E4F28056-5B24-4B24-A9D3-BEDF71691A90}
		{B7696574-DAAA-427F-B637-52A91DD8C844} = {E4F28056-5B24-4B24-A9D3-BEDF71691A90}
		{04641EBF-D233-440B-9207-98787B0904E7} = {E4F28056-5B24-4B24-A9D3-BEDF71691A90}
		{A3CCEC51-3024-44A9-92FF-42A1E7904E79} = {81956B1D-A201-4548-B937-F0A483C94E43}
		{3191BC15-72F8-47FF-A256-C547A7E36EEF} = {81956B1D-A201-4548-B937-F0A483C94E43}
		{D6B1E25E-98D2-4091-A36D-638528F94C9E} = {81956B1D-A201-4548-B937-F0A483C94E43}
	EndGlobalSection
	GlobalSection(ExtensibilityGlobals) = postSolution
		SolutionGuid = {7B6437CB-225C-452E-966E-795EBD42D41E}
	EndGlobalSection
EndGlobal
